// !$*UTF8*$!
{
	archiveVersion = 1;
	classes = {
	};
	objectVersion = 46;
	objects = {

/* Begin PBXBuildFile section */
		9720F8B51B713C9A0090F9E2 /* AppDelegate.swift in Sources */ = {isa = PBXBuildFile; fileRef = 9720F8B41B713C9A0090F9E2 /* AppDelegate.swift */; };
		9720F8B71B713C9A0090F9E2 /* MasterViewController.swift in Sources */ = {isa = PBXBuildFile; fileRef = 9720F8B61B713C9A0090F9E2 /* MasterViewController.swift */; };
		9720F8B91B713C9A0090F9E2 /* DetailViewController.swift in Sources */ = {isa = PBXBuildFile; fileRef = 9720F8B81B713C9A0090F9E2 /* DetailViewController.swift */; };
		9720F8BC1B713C9A0090F9E2 /* Main.storyboard in Resources */ = {isa = PBXBuildFile; fileRef = 9720F8BA1B713C9A0090F9E2 /* Main.storyboard */; };
		9720F8BE1B713C9B0090F9E2 /* Images.xcassets in Resources */ = {isa = PBXBuildFile; fileRef = 9720F8BD1B713C9B0090F9E2 /* Images.xcassets */; };
		9720F8C11B713C9B0090F9E2 /* LaunchScreen.xib in Resources */ = {isa = PBXBuildFile; fileRef = 9720F8BF1B713C9B0090F9E2 /* LaunchScreen.xib */; };
		9720F8CD1B713C9B0090F9E2 /* Stretch_My_HeaderTests.swift in Sources */ = {isa = PBXBuildFile; fileRef = 9720F8CC1B713C9B0090F9E2 /* Stretch_My_HeaderTests.swift */; };
		9720F8D71B713DE00090F9E2 /* NewsItemTableViewCell.swift in Sources */ = {isa = PBXBuildFile; fileRef = 9720F8D61B713DDF0090F9E2 /* NewsItemTableViewCell.swift */; };
		9720F8D91B713E160090F9E2 /* NewsItem.swift in Sources */ = {isa = PBXBuildFile; fileRef = 9720F8D81B713E160090F9E2 /* NewsItem.swift */; };
/* End PBXBuildFile section */

/* Begin PBXContainerItemProxy section */
		9720F8C71B713C9B0090F9E2 /* PBXContainerItemProxy */ = {
			isa = PBXContainerItemProxy;
			containerPortal = 9720F8A71B713C9A0090F9E2 /* Project object */;
			proxyType = 1;
			remoteGlobalIDString = 9720F8AE1B713C9A0090F9E2;
			remoteInfo = "Stretch My Header";
		};
/* End PBXContainerItemProxy section */

/* Begin PBXFileReference section */
		9720F8AF1B713C9A0090F9E2 /* Stretch My Header.app */ = {isa = PBXFileReference; explicitFileType = wrapper.application; includeInIndex = 0; path = "Stretch My Header.app"; sourceTree = BUILT_PRODUCTS_DIR; };
		9720F8B31B713C9A0090F9E2 /* Info.plist */ = {isa = PBXFileReference; lastKnownFileType = text.plist.xml; path = Info.plist; sourceTree = "<group>"; };
		9720F8B41B713C9A0090F9E2 /* AppDelegate.swift */ = {isa = PBXFileReference; lastKnownFileType = sourcecode.swift; path = AppDelegate.swift; sourceTree = "<group>"; };
		9720F8B61B713C9A0090F9E2 /* MasterViewController.swift */ = {isa = PBXFileReference; lastKnownFileType = sourcecode.swift; path = MasterViewController.swift; sourceTree = "<group>"; };
		9720F8B81B713C9A0090F9E2 /* DetailViewController.swift */ = {isa = PBXFileReference; lastKnownFileType = sourcecode.swift; path = DetailViewController.swift; sourceTree = "<group>"; };
		9720F8BB1B713C9A0090F9E2 /* Base */ = {isa = PBXFileReference; lastKnownFileType = file.storyboard; name = Base; path = Base.lproj/Main.storyboard; sourceTree = "<group>"; };
		9720F8BD1B713C9B0090F9E2 /* Images.xcassets */ = {isa = PBXFileReference; lastKnownFileType = folder.assetcatalog; path = Images.xcassets; sourceTree = "<group>"; };
		9720F8C01B713C9B0090F9E2 /* Base */ = {isa = PBXFileReference; lastKnownFileType = file.xib; name = Base; path = Base.lproj/LaunchScreen.xib; sourceTree = "<group>"; };
		9720F8C61B713C9B0090F9E2 /* Stretch My HeaderTests.xctest */ = {isa = PBXFileReference; explicitFileType = wrapper.cfbundle; includeInIndex = 0; path = "Stretch My HeaderTests.xctest"; sourceTree = BUILT_PRODUCTS_DIR; };
		9720F8CB1B713C9B0090F9E2 /* Info.plist */ = {isa = PBXFileReference; lastKnownFileType = text.plist.xml; path = Info.plist; sourceTree = "<group>"; };
		9720F8CC1B713C9B0090F9E2 /* Stretch_My_HeaderTests.swift */ = {isa = PBXFileReference; lastKnownFileType = sourcecode.swift; path = Stretch_My_HeaderTests.swift; sourceTree = "<group>"; };
		9720F8D61B713DDF0090F9E2 /* NewsItemTableViewCell.swift */ = {isa = PBXFileReference; fileEncoding = 4; lastKnownFileType = sourcecode.swift; path = NewsItemTableViewCell.swift; sourceTree = "<group>"; };
		9720F8D81B713E160090F9E2 /* NewsItem.swift */ = {isa = PBXFileReference; fileEncoding = 4; lastKnownFileType = sourcecode.swift; path = NewsItem.swift; sourceTree = "<group>"; };
/* End PBXFileReference section */

/* Begin PBXFrameworksBuildPhase section */
		9720F8AC1B713C9A0090F9E2 /* Frameworks */ = {
			isa = PBXFrameworksBuildPhase;
			buildActionMask = 2147483647;
			files = (
			);
			runOnlyForDeploymentPostprocessing = 0;
		};
		9720F8C31B713C9B0090F9E2 /* Frameworks */ = {
			isa = PBXFrameworksBuildPhase;
			buildActionMask = 2147483647;
			files = (
			);
			runOnlyForDeploymentPostprocessing = 0;
		};
/* End PBXFrameworksBuildPhase section */

/* Begin PBXGroup section */
		9720F8A61B713C9A0090F9E2 = {
			isa = PBXGroup;
			children = (
				9720F8B11B713C9A0090F9E2 /* Stretch My Header */,
				9720F8C91B713C9B0090F9E2 /* Stretch My HeaderTests */,
				9720F8B01B713C9A0090F9E2 /* Products */,
			);
			sourceTree = "<group>";
		};
		9720F8B01B713C9A0090F9E2 /* Products */ = {
			isa = PBXGroup;
			children = (
				9720F8AF1B713C9A0090F9E2 /* Stretch My Header.app */,
				9720F8C61B713C9B0090F9E2 /* Stretch My HeaderTests.xctest */,
			);
			name = Products;
			sourceTree = "<group>";
		};
		9720F8B11B713C9A0090F9E2 /* Stretch My Header */ = {
			isa = PBXGroup;
			children = (
				9720F8B41B713C9A0090F9E2 /* AppDelegate.swift */,
				9720F8B61B713C9A0090F9E2 /* MasterViewController.swift */,
				9720F8B81B713C9A0090F9E2 /* DetailViewController.swift */,
				9720F8D61B713DDF0090F9E2 /* NewsItemTableViewCell.swift */,
				9720F8BA1B713C9A0090F9E2 /* Main.storyboard */,
				9720F8BD1B713C9B0090F9E2 /* Images.xcassets */,
				9720F8BF1B713C9B0090F9E2 /* LaunchScreen.xib */,
				9720F8B21B713C9A0090F9E2 /* Supporting Files */,
				9720F8D81B713E160090F9E2 /* NewsItem.swift */,
			);
			path = "Stretch My Header";
			sourceTree = "<group>";
		};
		9720F8B21B713C9A0090F9E2 /* Supporting Files */ = {
			isa = PBXGroup;
			children = (
				9720F8B31B713C9A0090F9E2 /* Info.plist */,
			);
			name = "Supporting Files";
			sourceTree = "<group>";
		};
		9720F8C91B713C9B0090F9E2 /* Stretch My HeaderTests */ = {
			isa = PBXGroup;
			children = (
				9720F8CC1B713C9B0090F9E2 /* Stretch_My_HeaderTests.swift */,
				9720F8CA1B713C9B0090F9E2 /* Supporting Files */,
			);
			path = "Stretch My HeaderTests";
			sourceTree = "<group>";
		};
		9720F8CA1B713C9B0090F9E2 /* Supporting Files */ = {
			isa = PBXGroup;
			children = (
				9720F8CB1B713C9B0090F9E2 /* Info.plist */,
			);
			name = "Supporting Files";
			sourceTree = "<group>";
		};
/* End PBXGroup section */

/* Begin PBXNativeTarget section */
		9720F8AE1B713C9A0090F9E2 /* Stretch My Header */ = {
			isa = PBXNativeTarget;
			buildConfigurationList = 9720F8D01B713C9B0090F9E2 /* Build configuration list for PBXNativeTarget "Stretch My Header" */;
			buildPhases = (
				9720F8AB1B713C9A0090F9E2 /* Sources */,
				9720F8AC1B713C9A0090F9E2 /* Frameworks */,
				9720F8AD1B713C9A0090F9E2 /* Resources */,
			);
			buildRules = (
			);
			dependencies = (
			);
			name = "Stretch My Header";
			productName = "Stretch My Header";
			productReference = 9720F8AF1B713C9A0090F9E2 /* Stretch My Header.app */;
			productType = "com.apple.product-type.application";
		};
		9720F8C51B713C9B0090F9E2 /* Stretch My HeaderTests */ = {
			isa = PBXNativeTarget;
			buildConfigurationList = 9720F8D31B713C9B0090F9E2 /* Build configuration list for PBXNativeTarget "Stretch My HeaderTests" */;
			buildPhases = (
				9720F8C21B713C9B0090F9E2 /* Sources */,
				9720F8C31B713C9B0090F9E2 /* Frameworks */,
				9720F8C41B713C9B0090F9E2 /* Resources */,
			);
			buildRules = (
			);
			dependencies = (
				9720F8C81B713C9B0090F9E2 /* PBXTargetDependency */,
			);
			name = "Stretch My HeaderTests";
			productName = "Stretch My HeaderTests";
			productReference = 9720F8C61B713C9B0090F9E2 /* Stretch My HeaderTests.xctest */;
			productType = "com.apple.product-type.bundle.unit-test";
		};
/* End PBXNativeTarget section */

/* Begin PBXProject section */
		9720F8A71B713C9A0090F9E2 /* Project object */ = {
			isa = PBXProject;
			attributes = {
				LastUpgradeCheck = 0640;
				ORGANIZATIONNAME = "Cody Zazulak";
				TargetAttributes = {
					9720F8AE1B713C9A0090F9E2 = {
						CreatedOnToolsVersion = 6.4;
					};
					9720F8C51B713C9B0090F9E2 = {
						CreatedOnToolsVersion = 6.4;
						TestTargetID = 9720F8AE1B713C9A0090F9E2;
					};
				};
			};
			buildConfigurationList = 9720F8AA1B713C9A0090F9E2 /* Build configuration list for PBXProject "Stretch My Header" */;
			compatibilityVersion = "Xcode 3.2";
			developmentRegion = English;
			hasScannedForEncodings = 0;
			knownRegions = (
				en,
				Base,
			);
			mainGroup = 9720F8A61B713C9A0090F9E2;
			productRefGroup = 9720F8B01B713C9A0090F9E2 /* Products */;
			projectDirPath = "";
			projectRoot = "";
			targets = (
				9720F8AE1B713C9A0090F9E2 /* Stretch My Header */,
				9720F8C51B713C9B0090F9E2 /* Stretch My HeaderTests */,
			);
		};
/* End PBXProject section */

/* Begin PBXResourcesBuildPhase section */
		9720F8AD1B713C9A0090F9E2 /* Resources */ = {
			isa = PBXResourcesBuildPhase;
			buildActionMask = 2147483647;
			files = (
				9720F8BC1B713C9A0090F9E2 /* Main.storyboard in Resources */,
				9720F8C11B713C9B0090F9E2 /* LaunchScreen.xib in Resources */,
				9720F8BE1B713C9B0090F9E2 /* Images.xcassets in Resources */,
			);
			runOnlyForDeploymentPostprocessing = 0;
		};
		9720F8C41B713C9B0090F9E2 /* Resources */ = {
			isa = PBXResourcesBuildPhase;
			buildActionMask = 2147483647;
			files = (
			);
			runOnlyForDeploymentPostprocessing = 0;
		};
/* End PBXResourcesBuildPhase section */

/* Begin PBXSourcesBuildPhase section */
		9720F8AB1B713C9A0090F9E2 /* Sources */ = {
			isa = PBXSourcesBuildPhase;
			buildActionMask = 2147483647;
			files = (
				9720F8B91B713C9A0090F9E2 /* DetailViewController.swift in Sources */,
				9720F8D91B713E160090F9E2 /* NewsItem.swift in Sources */,
				9720F8D71B713DE00090F9E2 /* NewsItemTableViewCell.swift in Sources */,
				9720F8B71B713C9A0090F9E2 /* MasterViewController.swift in Sources */,
				9720F8B51B713C9A0090F9E2 /* AppDelegate.swift in Sources */,
			);
			runOnlyForDeploymentPostprocessing = 0;
		};
		9720F8C21B713C9B0090F9E2 /* Sources */ = {
			isa = PBXSourcesBuildPhase;
			buildActionMask = 2147483647;
			files = (
				9720F8CD1B713C9B0090F9E2 /* Stretch_My_HeaderTests.swift in Sources */,
			);
			runOnlyForDeploymentPostprocessing = 0;
		};
/* End PBXSourcesBuildPhase section */

/* Begin PBXTargetDependency section */
		9720F8C81B713C9B0090F9E2 /* PBXTargetDependency */ = {
			isa = PBXTargetDependency;
			target = 9720F8AE1B713C9A0090F9E2 /* Stretch My Header */;
			targetProxy = 9720F8C71B713C9B0090F9E2 /* PBXContainerItemProxy */;
		};
/* End PBXTargetDependency section */

/* Begin PBXVariantGroup section */
		9720F8BA1B713C9A0090F9E2 /* Main.storyboard */ = {
			isa = PBXVariantGroup;
			children = (
				9720F8BB1B713C9A0090F9E2 /* Base */,
			);
			name = Main.storyboard;
			sourceTree = "<group>";
		};
		9720F8BF1B713C9B0090F9E2 /* LaunchScreen.xib */ = {
			isa = PBXVariantGroup;
			children = (
				9720F8C01B713C9B0090F9E2 /* Base */,
			);
			name = LaunchScreen.xib;
			sourceTree = "<group>";
		};
/* End PBXVariantGroup section */

/* Begin XCBuildConfiguration section */
		9720F8CE1B713C9B0090F9E2 /* Debug */ = {
			isa = XCBuildConfiguration;
			buildSettings = {
				ALWAYS_SEARCH_USER_PATHS = NO;
				CLANG_CXX_LANGUAGE_STANDARD = "gnu++0x";
				CLANG_CXX_LIBRARY = "libc++";
				CLANG_ENABLE_MODULES = YES;
				CLANG_ENABLE_OBJC_ARC = YES;
				CLANG_WARN_BOOL_CONVERSION = YES;
				CLANG_WARN_CONSTANT_CONVERSION = YES;
				CLANG_WARN_DIRECT_OBJC_ISA_USAGE = YES_ERROR;
				CLANG_WARN_EMPTY_BODY = YES;
				CLANG_WARN_ENUM_CONVERSION = YES;
				CLANG_WARN_INT_CONVERSION = YES;
				CLANG_WARN_OBJC_ROOT_CLASS = YES_ERROR;
				CLANG_WARN_UNREACHABLE_CODE = YES;
				CLANG_WARN__DUPLICATE_METHOD_MATCH = YES;
				"CODE_SIGN_IDENTITY[sdk=iphoneos*]" = "iPhone Developer";
				COPY_PHASE_STRIP = NO;
				DEBUG_INFORMATION_FORMAT = "dwarf-with-dsym";
				ENABLE_STRICT_OBJC_MSGSEND = YES;
				GCC_C_LANGUAGE_STANDARD = gnu99;
				GCC_DYNAMIC_NO_PIC = NO;
				GCC_NO_COMMON_BLOCKS = YES;
				GCC_OPTIMIZATION_LEVEL = 0;
				GCC_PREPROCESSOR_DEFINITIONS = (
					"DEBUG=1",
					"$(inherited)",
				);
				GCC_SYMBOLS_PRIVATE_EXTERN = NO;
				GCC_WARN_64_TO_32_BIT_CONVERSION = YES;
				GCC_WARN_ABOUT_RETURN_TYPE = YES_ERROR;
				GCC_WARN_UNDECLARED_SELECTOR = YES;
				GCC_WARN_UNINITIALIZED_AUTOS = YES_AGGRESSIVE;
				GCC_WARN_UNUSED_FUNCTION = YES;
				GCC_WARN_UNUSED_VARIABLE = YES;
				IPHONEOS_DEPLOYMENT_TARGET = 8.4;
				MTL_ENABLE_DEBUG_INFO = YES;
				ONLY_ACTIVE_ARCH = YES;
				SDKROOT = iphoneos;
				SWIFT_OPTIMIZATION_LEVEL = "-Onone";
			};
			name = Debug;
		};
		9720F8CF1B713C9B0090F9E2 /* Release */ = {
			isa = XCBuildConfiguration;
			buildSettings = {
				ALWAYS_SEARCH_USER_PATHS = NO;
				CLANG_CXX_LANGUAGE_STANDARD = "gnu++0x";
				CLANG_CXX_LIBRARY = "libc++";
				CLANG_ENABLE_MODULES = YES;
				CLANG_ENABLE_OBJC_ARC = YES;
				CLANG_WARN_BOOL_CONVERSION = YES;
				CLANG_WARN_CONSTANT_CONVERSION = YES;
				CLANG_WARN_DIRECT_OBJC_ISA_USAGE = YES_ERROR;
				CLANG_WARN_EMPTY_BODY = YES;
				CLANG_WARN_ENUM_CONVERSION = YES;
				CLANG_WARN_INT_CONVERSION = YES;
				CLANG_WARN_OBJC_ROOT_CLASS = YES_ERROR;
				CLANG_WARN_UNREACHABLE_CODE = YES;
				CLANG_WARN__DUPLICATE_METHOD_MATCH = YES;
				"CODE_SIGN_IDENTITY[sdk=iphoneos*]" = "iPhone Developer";
				COPY_PHASE_STRIP = NO;
				DEBUG_INFORMATION_FORMAT = "dwarf-with-dsym";
				ENABLE_NS_ASSERTIONS = NO;
				ENABLE_STRICT_OBJC_MSGSEND = YES;
				GCC_C_LANGUAGE_STANDARD = gnu99;
				GCC_NO_COMMON_BLOCKS = YES;
				GCC_WARN_64_TO_32_BIT_CONVERSION = YES;
				GCC_WARN_ABOUT_RETURN_TYPE = YES_ERROR;
				GCC_WARN_UNDECLARED_SELECTOR = YES;
				GCC_WARN_UNINITIALIZED_AUTOS = YES_AGGRESSIVE;
				GCC_WARN_UNUSED_FUNCTION = YES;
				GCC_WARN_UNUSED_VARIABLE = YES;
				IPHONEOS_DEPLOYMENT_TARGET = 8.4;
				MTL_ENABLE_DEBUG_INFO = NO;
				SDKROOT = iphoneos;
				VALIDATE_PRODUCT = YES;
			};
			name = Release;
		};
		9720F8D11B713C9B0090F9E2 /* Debug */ = {
			isa = XCBuildConfiguration;
			buildSettings = {
				ASSETCATALOG_COMPILER_APPICON_NAME = AppIcon;
				INFOPLIST_FILE = "Stretch My Header/Info.plist";
				LD_RUNPATH_SEARCH_PATHS = "$(inherited) @executable_path/Frameworks";
				PRODUCT_NAME = "$(TARGET_NAME)";
			};
			name = Debug;
		};
		9720F8D21B713C9B0090F9E2 /* Release */ = {
			isa = XCBuildConfiguration;
			buildSettings = {
				ASSETCATALOG_COMPILER_APPICON_NAME = AppIcon;
				INFOPLIST_FILE = "Stretch My Header/Info.plist";
				LD_RUNPATH_SEARCH_PATHS = "$(inherited) @executable_path/Frameworks";
				PRODUCT_NAME = "$(TARGET_NAME)";
			};
			name = Release;
		};
		9720F8D41B713C9B0090F9E2 /* Debug */ = {
			isa = XCBuildConfiguration;
			buildSettings = {
				BUNDLE_LOADER = "$(TEST_HOST)";
				FRAMEWORK_SEARCH_PATHS = (
					"$(SDKROOT)/Developer/Library/Frameworks",
					"$(inherited)",
				);
				GCC_PREPROCESSOR_DEFINITIONS = (
					"DEBUG=1",
					"$(inherited)",
				);
				INFOPLIST_FILE = "Stretch My HeaderTests/Info.plist";
				LD_RUNPATH_SEARCH_PATHS = "$(inherited) @executable_path/Frameworks @loader_path/Frameworks";
				PRODUCT_NAME = "$(TARGET_NAME)";
				TEST_HOST = "$(BUILT_PRODUCTS_DIR)/Stretch My Header.app/Stretch My Header";
			};
			name = Debug;
		};
		9720F8D51B713C9B0090F9E2 /* Release */ = {
			isa = XCBuildConfiguration;
			buildSettings = {
				BUNDLE_LOADER = "$(TEST_HOST)";
				FRAMEWORK_SEARCH_PATHS = (
					"$(SDKROOT)/Developer/Library/Frameworks",
					"$(inherited)",
				);
				INFOPLIST_FILE = "Stretch My HeaderTests/Info.plist";
				LD_RUNPATH_SEARCH_PATHS = "$(inherited) @executable_path/Frameworks @loader_path/Frameworks";
				PRODUCT_NAME = "$(TARGET_NAME)";
				TEST_HOST = "$(BUILT_PRODUCTS_DIR)/Stretch My Header.app/Stretch My Header";
			};
			name = Release;
		};
/* End XCBuildConfiguration section */

/* Begin XCConfigurationList section */
		9720F8AA1B713C9A0090F9E2 /* Build configuration list for PBXProject "Stretch My Header" */ = {
			isa = XCConfigurationList;
			buildConfigurations = (
				9720F8CE1B713C9B0090F9E2 /* Debug */,
				9720F8CF1B713C9B0090F9E2 /* Release */,
			);
			defaultConfigurationIsVisible = 0;
			defaultConfigurationName = Release;
		};
		9720F8D01B713C9B0090F9E2 /* Build configuration list for PBXNativeTarget "Stretch My Header" */ = {
			isa = XCConfigurationList;
			buildConfigurations = (
				9720F8D11B713C9B0090F9E2 /* Debug */,
				9720F8D21B713C9B0090F9E2 /* Release */,
			);
			defaultConfigurationIsVisible = 0;
		};
		9720F8D31B713C9B0090F9E2 /* Build configuration list for PBXNativeTarget "Stretch My HeaderTests" */ = {
			isa = XCConfigurationList;
			buildConfigurations = (
				9720F8D41B713C9B0090F9E2 /* Debug */,
				9720F8D51B713C9B0090F9E2 /* Release */,
			);
			defaultConfigurationIsVisible = 0;
		};
/* End XCConfigurationList section */
	};
	rootObject = 9720F8A71B713C9A0090F9E2 /* Project object */;
}
